{
  "requires": true,
  "lockfileVersion": 1,
  "dependencies": {
    "@gilbarbara/deep-equal": {
      "version": "0.3.1",
      "resolved": "https://registry.npmjs.org/@gilbarbara/deep-equal/-/deep-equal-0.3.1.tgz",
      "integrity": "sha512-I7xWjLs2YSVMc5gGx1Z3ZG1lgFpITPndpi8Ku55GeEIKpACCPQNS/OTqQbxgTCfq0Ncvcc+CrFov96itVh6Qvw=="
    },
    "@gilbarbara/helpers": {
      "version": "0.9.2",
      "resolved": "https://registry.npmjs.org/@gilbarbara/helpers/-/helpers-0.9.2.tgz",
      "integrity": "sha512-vrydO6+8jOpzPaJ9Om2Ta6BStbpxBlg7j0uV27NnokG+k6bI95ys7rrw7P4hOcRYajkp+K/XpyLufFUUfYrKTQ==",
      "requires": {
        "@gilbarbara/types": "^0.2.2",
        "is-lite": "^1.2.1"
      }
    },
    "@gilbarbara/types": {
      "version": "0.2.2",
      "resolved": "https://registry.npmjs.org/@gilbarbara/types/-/types-0.2.2.tgz",
      "integrity": "sha512-QuQDBRRcm1Q8AbSac2W1YElurOhprj3Iko/o+P1fJxUWS4rOGKMVli98OXS7uo4z+cKAif6a+L9bcZFSyauQpQ==",
      "requires": {
        "type-fest": "^4.1.0"
      }
    },
    "deep-diff": {
      "version": "1.0.2",
      "resolved": "https://registry.npmjs.org/deep-diff/-/deep-diff-1.0.2.tgz",
      "integrity": "sha512-aWS3UIVH+NPGCD1kki+DCU9Dua032iSsO43LqQpcs4R3+dVv7tX0qBGjiVHJHjplsoUM2XRO/KB92glqc68awg=="
    },
    "deepmerge": {
      "version": "4.3.1",
      "resolved": "https://registry.npmjs.org/deepmerge/-/deepmerge-4.3.1.tgz",
      "integrity": "sha512-3sUqbMEc77XqpdNO7FRyRog+eW3ph+GYCbj+rK+uYyRMuwsVy0rMiVtPn+QJlKFvWP/1PYpapqYn0Me2knFn+A=="
    },
    "is-lite": {
      "version": "1.2.1",
      "resolved": "https://registry.npmjs.org/is-lite/-/is-lite-1.2.1.tgz",
      "integrity": "sha512-pgF+L5bxC+10hLBgf6R2P4ZZUBOQIIacbdo8YvuCP8/JvsWxG7aZ9p10DYuLtifFci4l3VITphhMlMV4Y+urPw=="
    },
    "js-tokens": {
      "version": "4.0.0",
      "resolved": "https://registry.npmjs.org/js-tokens/-/js-tokens-4.0.0.tgz",
      "integrity": "sha512-RdJUflcE3cUzKiMqQgsCu06FPu9UdIJO0beYbPhHN4k6apgJtifcoCtT9bcxOpYBtpD2kCM6Sbzg4CausW/PKQ=="
    },
    "loose-envify": {
      "version": "1.4.0",
      "resolved": "https://registry.npmjs.org/loose-envify/-/loose-envify-1.4.0.tgz",
      "integrity": "sha512-lyuxPGr/Wfhrlem2CL/UcnUc1zcqKAImBDzukY7Y5F/yQiNdko6+fRLevlw1HgMySw7f611UIY408EtxRSoK3Q==",
      "requires": {
        "js-tokens": "^3.0.0 || ^4.0.0"
      }
    },
    "object-assign": {
      "version": "4.1.1",
      "resolved": "https://registry.npmjs.org/object-assign/-/object-assign-4.1.1.tgz",
      "integrity": "sha512-rJgTQnkUnH1sFw8yT6VSU3zD3sWmu6sZhIseY8VX+GRu3P6F7Fu+JNDoXfklElbLJSnc3FUQHVe4cU5hj+BcUg=="
    },
    "popper.js": {
      "version": "1.16.1",
      "resolved": "https://registry.npmjs.org/popper.js/-/popper.js-1.16.1.tgz",
      "integrity": "sha512-Wb4p1J4zyFTbM+u6WuO4XstYx4Ky9Cewe4DWrel7B0w6VVICvPwdOpotjzcf6eD8TsckVnIMNONQyPIUFOUbCQ=="
    },
    "prop-types": {
      "version": "15.8.1",
      "resolved": "https://registry.npmjs.org/prop-types/-/prop-types-15.8.1.tgz",
      "integrity": "sha512-oj87CgZICdulUohogVAR7AjlC0327U4el4L6eAvOqCeudMDVU0NThNaV+b9Df4dXgSP1gXMTnPdhfe/2qDH5cg==",
      "requires": {
        "loose-envify": "^1.4.0",
        "object-assign": "^4.1.1",
        "react-is": "^16.13.1"
      }
    },
    "react-floater": {
      "version": "0.7.9",
      "resolved": "https://registry.npmjs.org/react-floater/-/react-floater-0.7.9.tgz",
      "integrity": "sha512-NXqyp9o8FAXOATOEo0ZpyaQ2KPb4cmPMXGWkx377QtJkIXHlHRAGer7ai0r0C1kG5gf+KJ6Gy+gdNIiosvSicg==",
      "requires": {
        "deepmerge": "^4.3.1",
        "is-lite": "^0.8.2",
        "popper.js": "^1.16.0",
        "prop-types": "^15.8.1",
        "tree-changes": "^0.9.1"
      },
      "dependencies": {
        "@gilbarbara/deep-equal": {
          "version": "0.1.2",
          "resolved": "https://registry.npmjs.org/@gilbarbara/deep-equal/-/deep-equal-0.1.2.tgz",
          "integrity": "sha512-jk+qzItoEb0D0xSSmrKDDzf9sheQj/BAPxlgNxgmOaA3mxpUa6ndJLYGZKsJnIVEQSD8zcTbyILz7I0HcnBCRA=="
        },
        "is-lite": {
          "version": "0.8.2",
          "resolved": "https://registry.npmjs.org/is-lite/-/is-lite-0.8.2.tgz",
          "integrity": "sha512-JZfH47qTsslwaAsqbMI3Q6HNNjUuq6Cmzzww50TdP5Esb6e1y2sK2UAaZZuzfAzpoI2AkxoPQapZdlDuP6Vlsw=="
        },
        "tree-changes": {
          "version": "0.9.3",
          "resolved": "https://registry.npmjs.org/tree-changes/-/tree-changes-0.9.3.tgz",
          "integrity": "sha512-vvvS+O6kEeGRzMglTKbc19ltLWNtmNt1cpBoSYLj/iEcPVvpJasemKOlxBrmZaCtDJoF+4bwv3m01UKYi8mukQ==",
          "requires": {
            "@gilbarbara/deep-equal": "^0.1.1",
            "is-lite": "^0.8.2"
          }
        }
      }
    },
    "react-innertext": {
      "version": "1.1.5",
      "resolved": "https://registry.npmjs.org/react-innertext/-/react-innertext-1.1.5.tgz",
      "integrity": "sha512-PWAqdqhxhHIv80dT9znP2KvS+hfkbRovFp4zFYHFFlOoQLRiawIic81gKb3U1wEyJZgMwgs3JoLtwryASRWP3Q=="
    },
    "react-is": {
      "version": "16.13.1",
      "resolved": "https://registry.npmjs.org/react-is/-/react-is-16.13.1.tgz",
      "integrity": "sha512-24e6ynE2H+OKt4kqsOvNd8kBpV65zoxbA4BVsEOB3ARVWQki/DHzaUoC5KuON/BiccDaCCTZBuOcfZs70kR8bQ=="
    },
    "react-joyride": {
      "version": "2.7.2",
      "resolved": "https://registry.npmjs.org/react-joyride/-/react-joyride-2.7.2.tgz",
      "integrity": "sha512-AVzEweJxjQMc6hXUbJlH6St987GCmw0pkCSoz+X3XBMQmrk57FCMOrh1LvyMvW5GaT95C4D5oZpoaVjaOsgptg==",
      "requires": {
        "@gilbarbara/deep-equal": "^0.3.1",
        "@gilbarbara/helpers": "^0.9.0",
        "deep-diff": "^1.0.2",
        "deepmerge": "^4.3.1",
        "is-lite": "^1.2.0",
        "react-floater": "^0.7.9",
        "react-innertext": "^1.1.5",
        "react-is": "^16.13.1",
        "scroll": "^3.0.1",
        "scrollparent": "^2.1.0",
        "tree-changes": "^0.11.2",
        "type-fest": "^4.8.3"
      }
    },
    "scroll": {
      "version": "3.0.1",
      "resolved": "https://registry.npmjs.org/scroll/-/scroll-3.0.1.tgz",
      "integrity": "sha512-pz7y517OVls1maEzlirKO5nPYle9AXsFzTMNJrRGmT951mzpIBy7sNHOg5o/0MQd/NqliCiWnAi0kZneMPFLcg=="
    },
    "scrollparent": {
      "version": "2.1.0",
      "resolved": "https://registry.npmjs.org/scrollparent/-/scrollparent-2.1.0.tgz",
      "integrity": "sha512-bnnvJL28/Rtz/kz2+4wpBjHzWoEzXhVg/TE8BeVGJHUqE8THNIRnDxDWMktwM+qahvlRdvlLdsQfYe+cuqfZeA=="
    },
    "tree-changes": {
      "version": "0.11.2",
      "resolved": "https://registry.npmjs.org/tree-changes/-/tree-changes-0.11.2.tgz",
      "integrity": "sha512-4gXlUthrl+RabZw6lLvcCDl6KfJOCmrC16BC5CRdut1EAH509Omgg0BfKLY+ViRlzrvYOTWR0FMS2SQTwzumrw==",
      "requires": {
        "@gilbarbara/deep-equal": "^0.3.1",
        "is-lite": "^1.2.0"
      }
    },
    "type-fest": {
      "version": "4.10.1",
      "resolved": "https://registry.npmjs.org/type-fest/-/type-fest-4.10.1.tgz",
      "integrity": "sha512-7ZnJYTp6uc04uYRISWtiX3DSKB/fxNQT0B5o1OUeCqiQiwF+JC9+rJiZIDrPrNCLLuTqyQmh4VdQqh/ZOkv9MQ=="
    }
  }
}
